
Microsoft Visual Studio Solution File, Format Version 12.00
# Visual Studio 14
VisualStudioVersion = 14.0.23107.0
MinimumVisualStudioVersion = 10.0.40219.1
Project("{FAE04EC0-301F-11D3-BF4B-00C04F79EFBC}") = "Knowit.EpiserverFramework.Web", "Knowit.EpiserverFramework.Web\Knowit.EpiserverFramework.Web.csproj", "{77225B51-5643-48B8-A08B-9069BD36A0CF}"
EndProject
Project("{FAE04EC0-301F-11D3-BF4B-00C04F79EFBC}") = "Knowit.EpiserverFramework.EpiCore", "Knowit.EpiserverFramework.EpiCore\Knowit.EpiserverFramework.EpiCore.csproj", "{DCD162FF-7B7B-42FE-A0E2-09373BE7E027}"
EndProject
Project("{FAE04EC0-301F-11D3-BF4B-00C04F79EFBC}") = "Knowit.EpiserverFramework.Models", "Knowit.EpiserverFramework.Models\Knowit.EpiserverFramework.Models.csproj", "{1663183D-9883-4657-97F2-52022A4CA98A}"
EndProject
Project("{FAE04EC0-301F-11D3-BF4B-00C04F79EFBC}") = "Knowit.EpiserverFramework.Utilities", "Knowit.EpiserverFramework.Utilities\Knowit.EpiserverFramework.Utilities.csproj", "{673B9DBB-8228-47E6-8642-D314FC8F132F}"
EndProject
Project("{FAE04EC0-301F-11D3-BF4B-00C04F79EFBC}") = "Knowit.EpiserverFramework.Business", "Knowit.EpiserverFramework.Business\Knowit.EpiserverFramework.Business.csproj", "{EBE43C6D-83E5-4CA4-B4DE-5C4471B8ECBB}"
EndProject
Global
	GlobalSection(SolutionConfigurationPlatforms) = preSolution
		Debug|Any CPU = Debug|Any CPU
		Release|Any CPU = Release|Any CPU
		Staging|Any CPU = Staging|Any CPU
		Test|Any CPU = Test|Any CPU
	EndGlobalSection
	GlobalSection(ProjectConfigurationPlatforms) = postSolution
		{77225B51-5643-48B8-A08B-9069BD36A0CF}.Debug|Any CPU.ActiveCfg = Debug|Any CPU
		{77225B51-5643-48B8-A08B-9069BD36A0CF}.Debug|Any CPU.Build.0 = Debug|Any CPU
		{77225B51-5643-48B8-A08B-9069BD36A0CF}.Release|Any CPU.ActiveCfg = Release|Any CPU
		{77225B51-5643-48B8-A08B-9069BD36A0CF}.Release|Any CPU.Build.0 = Release|Any CPU
		{77225B51-5643-48B8-A08B-9069BD36A0CF}.Staging|Any CPU.ActiveCfg = Staging|Any CPU
		{77225B51-5643-48B8-A08B-9069BD36A0CF}.Staging|Any CPU.Build.0 = Staging|Any CPU
		{77225B51-5643-48B8-A08B-9069BD36A0CF}.Test|Any CPU.ActiveCfg = Test|Any CPU
		{77225B51-5643-48B8-A08B-9069BD36A0CF}.Test|Any CPU.Build.0 = Test|Any CPU
		{DCD162FF-7B7B-42FE-A0E2-09373BE7E027}.Debug|Any CPU.ActiveCfg = Debug|Any CPU
		{DCD162FF-7B7B-42FE-A0E2-09373BE7E027}.Debug|Any CPU.Build.0 = Debug|Any CPU
		{DCD162FF-7B7B-42FE-A0E2-09373BE7E027}.Release|Any CPU.ActiveCfg = Release|Any CPU
		{DCD162FF-7B7B-42FE-A0E2-09373BE7E027}.Release|Any CPU.Build.0 = Release|Any CPU
		{DCD162FF-7B7B-42FE-A0E2-09373BE7E027}.Staging|Any CPU.ActiveCfg = Staging|Any CPU
		{DCD162FF-7B7B-42FE-A0E2-09373BE7E027}.Staging|Any CPU.Build.0 = Staging|Any CPU
		{DCD162FF-7B7B-42FE-A0E2-09373BE7E027}.Test|Any CPU.ActiveCfg = Test|Any CPU
		{DCD162FF-7B7B-42FE-A0E2-09373BE7E027}.Test|Any CPU.Build.0 = Test|Any CPU
		{1663183D-9883-4657-97F2-52022A4CA98A}.Debug|Any CPU.ActiveCfg = Debug|Any CPU
		{1663183D-9883-4657-97F2-52022A4CA98A}.Debug|Any CPU.Build.0 = Debug|Any CPU
		{1663183D-9883-4657-97F2-52022A4CA98A}.Release|Any CPU.ActiveCfg = Release|Any CPU
		{1663183D-9883-4657-97F2-52022A4CA98A}.Release|Any CPU.Build.0 = Release|Any CPU
		{1663183D-9883-4657-97F2-52022A4CA98A}.Staging|Any CPU.ActiveCfg = Staging|Any CPU
		{1663183D-9883-4657-97F2-52022A4CA98A}.Staging|Any CPU.Build.0 = Staging|Any CPU
		{1663183D-9883-4657-97F2-52022A4CA98A}.Test|Any CPU.ActiveCfg = Test|Any CPU
		{1663183D-9883-4657-97F2-52022A4CA98A}.Test|Any CPU.Build.0 = Test|Any CPU
		{673B9DBB-8228-47E6-8642-D314FC8F132F}.Debug|Any CPU.ActiveCfg = Debug|Any CPU
		{673B9DBB-8228-47E6-8642-D314FC8F132F}.Debug|Any CPU.Build.0 = Debug|Any CPU
		{673B9DBB-8228-47E6-8642-D314FC8F132F}.Release|Any CPU.ActiveCfg = Release|Any CPU
		{673B9DBB-8228-47E6-8642-D314FC8F132F}.Release|Any CPU.Build.0 = Release|Any CPU
		{673B9DBB-8228-47E6-8642-D314FC8F132F}.Staging|Any CPU.ActiveCfg = Staging|Any CPU
		{673B9DBB-8228-47E6-8642-D314FC8F132F}.Staging|Any CPU.Build.0 = Staging|Any CPU
		{673B9DBB-8228-47E6-8642-D314FC8F132F}.Test|Any CPU.ActiveCfg = Test|Any CPU
		{673B9DBB-8228-47E6-8642-D314FC8F132F}.Test|Any CPU.Build.0 = Test|Any CPU
		{EBE43C6D-83E5-4CA4-B4DE-5C4471B8ECBB}.Debug|Any CPU.ActiveCfg = Debug|Any CPU
		{EBE43C6D-83E5-4CA4-B4DE-5C4471B8ECBB}.Debug|Any CPU.Build.0 = Debug|Any CPU
		{EBE43C6D-83E5-4CA4-B4DE-5C4471B8ECBB}.Release|Any CPU.ActiveCfg = Release|Any CPU
		{EBE43C6D-83E5-4CA4-B4DE-5C4471B8ECBB}.Release|Any CPU.Build.0 = Release|Any CPU
		{EBE43C6D-83E5-4CA4-B4DE-5C4471B8ECBB}.Staging|Any CPU.ActiveCfg = Staging|Any CPU
		{EBE43C6D-83E5-4CA4-B4DE-5C4471B8ECBB}.Staging|Any CPU.Build.0 = Staging|Any CPU
		{EBE43C6D-83E5-4CA4-B4DE-5C4471B8ECBB}.Test|Any CPU.ActiveCfg = Test|Any CPU
		{EBE43C6D-83E5-4CA4-B4DE-5C4471B8ECBB}.Test|Any CPU.Build.0 = Test|Any CPU
	EndGlobalSection
	GlobalSection(SolutionProperties) = preSolution
		HideSolutionNode = FALSE
	EndGlobalSection
EndGlobal
